
Microsoft Visual Studio Solution File, Format Version 12.00
# Visual Studio Version 17
VisualStudioVersion = 17.9.34723.18
MinimumVisualStudioVersion = 10.0.40219.1
Project("{54A90642-561A-4BB1-A94E-469ADEE60C69}") = "GarageCoche", "GarageCoche\GarageCoche.esproj", "{6ACE4124-01C4-431D-8090-F782D6B54337}"
EndProject
Project("{54A90642-561A-4BB1-A94E-469ADEE60C69}") = "Envios", "Envios\Envios.esproj", "{423DEAA2-4D77-49E2-AC39-B66DF4FF91D9}"
EndProject
Project("{54A90642-561A-4BB1-A94E-469ADEE60C69}") = "ClaseFigura", "ClaseFigura\ClaseFigura.esproj", "{346DAFD9-C293-4444-B6F3-38971B29C779}"
EndProject
Project("{54A90642-561A-4BB1-A94E-469ADEE60C69}") = "Herencias", "Herencias\Herencias.esproj", "{5A211735-5CDC-494C-B0C0-05515E30B507}"
EndProject
Project("{54A90642-561A-4BB1-A94E-469ADEE60C69}") = "ClasePersona", "ClasePersona\ClasePersona.esproj", "{1FEE0CB0-7124-471D-8A7F-33F3DE3F1BB6}"
EndProject
Project("{54A90642-561A-4BB1-A94E-469ADEE60C69}") = "ClaseElectrodomestico", "ClaseElectrodomestico\ClaseElectrodomestico.esproj", "{4AFC241C-8763-4704-B2A2-6D336B80ED2B}"
EndProject
Project("{9A19103F-16F7-4668-BE54-9A1E7A4F7556}") = "EjercicioPersona", "EjercicioPersona\EjercicioPersona.csproj", "{3DD4AF0D-D0D1-41F8-AD4D-1BED0481C2CB}"
EndProject
Project("{9A19103F-16F7-4668-BE54-9A1E7A4F7556}") = "ClaseJaulaBichos", "ClaseJaulaBichos\ClaseJaulaBichos.csproj", "{BDCE1079-95AF-4670-B817-E535367B9691}"
EndProject
Project("{54A90642-561A-4BB1-A94E-469ADEE60C69}") = "Ejer06Arrays", "Ejer06Arrays\Ejer06Arrays.esproj", "{2DBE9CF5-31C6-4683-ACF9-9505E82A317A}"
EndProject
Global
	GlobalSection(SolutionConfigurationPlatforms) = preSolution
		Debug|Any CPU = Debug|Any CPU
		Release|Any CPU = Release|Any CPU
	EndGlobalSection
	GlobalSection(ProjectConfigurationPlatforms) = postSolution
		{6ACE4124-01C4-431D-8090-F782D6B54337}.Debug|Any CPU.ActiveCfg = Debug|Any CPU
		{6ACE4124-01C4-431D-8090-F782D6B54337}.Debug|Any CPU.Build.0 = Debug|Any CPU
		{6ACE4124-01C4-431D-8090-F782D6B54337}.Debug|Any CPU.Deploy.0 = Debug|Any CPU
		{6ACE4124-01C4-431D-8090-F782D6B54337}.Release|Any CPU.ActiveCfg = Release|Any CPU
		{6ACE4124-01C4-431D-8090-F782D6B54337}.Release|Any CPU.Build.0 = Release|Any CPU
		{6ACE4124-01C4-431D-8090-F782D6B54337}.Release|Any CPU.Deploy.0 = Release|Any CPU
		{423DEAA2-4D77-49E2-AC39-B66DF4FF91D9}.Debug|Any CPU.ActiveCfg = Debug|Any CPU
		{423DEAA2-4D77-49E2-AC39-B66DF4FF91D9}.Debug|Any CPU.Build.0 = Debug|Any CPU
		{423DEAA2-4D77-49E2-AC39-B66DF4FF91D9}.Debug|Any CPU.Deploy.0 = Debug|Any CPU
		{423DEAA2-4D77-49E2-AC39-B66DF4FF91D9}.Release|Any CPU.ActiveCfg = Release|Any CPU
		{423DEAA2-4D77-49E2-AC39-B66DF4FF91D9}.Release|Any CPU.Build.0 = Release|Any CPU
		{423DEAA2-4D77-49E2-AC39-B66DF4FF91D9}.Release|Any CPU.Deploy.0 = Release|Any CPU
		{346DAFD9-C293-4444-B6F3-38971B29C779}.Debug|Any CPU.ActiveCfg = Debug|Any CPU
		{346DAFD9-C293-4444-B6F3-38971B29C779}.Debug|Any CPU.Build.0 = Debug|Any CPU
		{346DAFD9-C293-4444-B6F3-38971B29C779}.Debug|Any CPU.Deploy.0 = Debug|Any CPU
		{346DAFD9-C293-4444-B6F3-38971B29C779}.Release|Any CPU.ActiveCfg = Release|Any CPU
		{346DAFD9-C293-4444-B6F3-38971B29C779}.Release|Any CPU.Build.0 = Release|Any CPU
		{346DAFD9-C293-4444-B6F3-38971B29C779}.Release|Any CPU.Deploy.0 = Release|Any CPU
		{5A211735-5CDC-494C-B0C0-05515E30B507}.Debug|Any CPU.ActiveCfg = Debug|Any CPU
		{5A211735-5CDC-494C-B0C0-05515E30B507}.Debug|Any CPU.Build.0 = Debug|Any CPU
		{5A211735-5CDC-494C-B0C0-05515E30B507}.Debug|Any CPU.Deploy.0 = Debug|Any CPU
		{5A211735-5CDC-494C-B0C0-05515E30B507}.Release|Any CPU.ActiveCfg = Release|Any CPU
		{5A211735-5CDC-494C-B0C0-05515E30B507}.Release|Any CPU.Build.0 = Release|Any CPU
		{5A211735-5CDC-494C-B0C0-05515E30B507}.Release|Any CPU.Deploy.0 = Release|Any CPU
		{1FEE0CB0-7124-471D-8A7F-33F3DE3F1BB6}.Debug|Any CPU.ActiveCfg = Debug|Any CPU
		{1FEE0CB0-7124-471D-8A7F-33F3DE3F1BB6}.Debug|Any CPU.Build.0 = Debug|Any CPU
		{1FEE0CB0-7124-471D-8A7F-33F3DE3F1BB6}.Debug|Any CPU.Deploy.0 = Debug|Any CPU
		{1FEE0CB0-7124-471D-8A7F-33F3DE3F1BB6}.Release|Any CPU.ActiveCfg = Release|Any CPU
		{1FEE0CB0-7124-471D-8A7F-33F3DE3F1BB6}.Release|Any CPU.Build.0 = Release|Any CPU
		{1FEE0CB0-7124-471D-8A7F-33F3DE3F1BB6}.Release|Any CPU.Deploy.0 = Release|Any CPU
		{4AFC241C-8763-4704-B2A2-6D336B80ED2B}.Debug|Any CPU.ActiveCfg = Debug|Any CPU
		{4AFC241C-8763-4704-B2A2-6D336B80ED2B}.Debug|Any CPU.Build.0 = Debug|Any CPU
		{4AFC241C-8763-4704-B2A2-6D336B80ED2B}.Debug|Any CPU.Deploy.0 = Debug|Any CPU
		{4AFC241C-8763-4704-B2A2-6D336B80ED2B}.Release|Any CPU.ActiveCfg = Release|Any CPU
		{4AFC241C-8763-4704-B2A2-6D336B80ED2B}.Release|Any CPU.Build.0 = Release|Any CPU
		{4AFC241C-8763-4704-B2A2-6D336B80ED2B}.Release|Any CPU.Deploy.0 = Release|Any CPU
		{3DD4AF0D-D0D1-41F8-AD4D-1BED0481C2CB}.Debug|Any CPU.ActiveCfg = Debug|Any CPU
		{3DD4AF0D-D0D1-41F8-AD4D-1BED0481C2CB}.Debug|Any CPU.Build.0 = Debug|Any CPU
		{3DD4AF0D-D0D1-41F8-AD4D-1BED0481C2CB}.Release|Any CPU.ActiveCfg = Release|Any CPU
		{3DD4AF0D-D0D1-41F8-AD4D-1BED0481C2CB}.Release|Any CPU.Build.0 = Release|Any CPU
		{BDCE1079-95AF-4670-B817-E535367B9691}.Debug|Any CPU.ActiveCfg = Debug|Any CPU
		{BDCE1079-95AF-4670-B817-E535367B9691}.Debug|Any CPU.Build.0 = Debug|Any CPU
		{BDCE1079-95AF-4670-B817-E535367B9691}.Release|Any CPU.ActiveCfg = Release|Any CPU
		{BDCE1079-95AF-4670-B817-E535367B9691}.Release|Any CPU.Build.0 = Release|Any CPU
		{2DBE9CF5-31C6-4683-ACF9-9505E82A317A}.Debug|Any CPU.ActiveCfg = Debug|Any CPU
		{2DBE9CF5-31C6-4683-ACF9-9505E82A317A}.Debug|Any CPU.Build.0 = Debug|Any CPU
		{2DBE9CF5-31C6-4683-ACF9-9505E82A317A}.Debug|Any CPU.Deploy.0 = Debug|Any CPU
		{2DBE9CF5-31C6-4683-ACF9-9505E82A317A}.Release|Any CPU.ActiveCfg = Release|Any CPU
		{2DBE9CF5-31C6-4683-ACF9-9505E82A317A}.Release|Any CPU.Build.0 = Release|Any CPU
		{2DBE9CF5-31C6-4683-ACF9-9505E82A317A}.Release|Any CPU.Deploy.0 = Release|Any CPU
	EndGlobalSection
	GlobalSection(SolutionProperties) = preSolution
		HideSolutionNode = FALSE
	EndGlobalSection
	GlobalSection(ExtensibilityGlobals) = postSolution
		SolutionGuid = {2038FF4A-26F8-4620-8551-3377EEF19A39}
	EndGlobalSection
EndGlobal
